{
  "name": "npm",
  "version": "1.0.0",
  "lockfileVersion": 3,
  "requires": true,
  "packages": {
    "": {
      "name": "npm",
      "version": "1.0.0",
      "license": "ISC",
      "dependencies": {
        "moment": "^2.30.1",
        "say": "^0.16.0",
        "upper-case": "^3.0.0"
      }
    },
    "node_modules/moment": {
      "version": "2.30.1",
      "resolved": "https://registry.npmjs.org/moment/-/moment-2.30.1.tgz",
      "integrity": "sha512-uEmtNhbDOrWPFS+hdjFCBfy9f2YoyzRpwcl+DqpC6taX21FzsTLQVbMV/W7PzNSX6x/bhC1zA3c2UQ5NzH6how==",
      "engines": {
        "node": "*"
      }
    },
    "node_modules/one-time": {
      "version": "0.0.4",
      "resolved": "https://registry.npmjs.org/one-time/-/one-time-0.0.4.tgz",
      "integrity": "sha512-qAMrwuk2xLEutlASoiPiAMW3EN3K96Ka/ilSXYr6qR1zSVXw2j7+yDSqGTC4T9apfLYxM3tLLjKvgPdAUK7kYQ=="
    },
    "node_modules/say": {
      "version": "0.16.0",
      "resolved": "https://registry.npmjs.org/say/-/say-0.16.0.tgz",
      "integrity": "sha512-yEfncNu3I6lcZ6RIrXgE9DqbrEmvV5uQQ8ReM14u/DodlvJYpveqNphO55RLMSj77b06ZKNif/FLmhzQxcuUXg==",
      "dependencies": {
        "one-time": "0.0.4"
      },
      "engines": {
        "node": ">=6.9"
      }
    },
    "node_modules/upper-case": {
      "version": "3.0.0",
      "resolved": "https://registry.npmjs.org/upper-case/-/upper-case-3.0.0.tgz",
      "integrity": "sha512-q6ZAk+RaBO94GGFpdM6GJ2pOXx6Ky/BK9xluGUqMYvY6qZjFN7RPbzqcd+OBru8tRFlcLcS40AIrIq48VhcTIA==",
      "deprecated": "Use `str.toLocaleUpperCase` or `str.toUpperCase`"
    }
  }
}
